github.com/mdw-go/must v1.5.0 h1:Ql75ARui6do3Gf8DNrxUheuo42/FXZbDP3UzpQLh1aI=
github.com/mdw-go/must v1.5.0/go.mod h1:egFwsdnV884XLvyCRH1qZ922IpuuemotO7ej0zEkcyM=
github.com/mdw-go/set/v2 v2.4.0 h1:lj9RLQkbUuILp1tz4JKIG0WMWjnIr471ZnUkPpDZpDA=
github.com/mdw-go/set/v2 v2.4.0/go.mod h1:DvRL1JAa01FXE1nZWpR/hbGhCJEXLIvfUCamxgiqJpQ=
